
Microsoft Visual Studio Solution File, Format Version 12.00
# Visual Studio Version 16
VisualStudioVersion = 16.0.30611.23
MinimumVisualStudioVersion = 10.0.40219.1
Project("{FAE04EC0-301F-11D3-BF4B-00C04F79EFBC}") = "project", "project.csproj", "{6E2FF884-C246-4652-9428-1E7D4CAFDA84}"
EndProject
Global
	GlobalSection(SolutionConfigurationPlatforms) = preSolution
		Debug|Any CPU = Debug|Any CPU
		Release|Any CPU = Release|Any CPU
	EndGlobalSection
	GlobalSection(ProjectConfigurationPlatforms) = postSolution
		{6E2FF884-C246-4652-9428-1E7D4CAFDA84}.Debug|Any CPU.ActiveCfg = Debug|Any CPU
		{6E2FF884-C246-4652-9428-1E7D4CAFDA84}.Debug|Any CPU.Build.0 = Debug|Any CPU
		{6E2FF884-C246-4652-9428-1E7D4CAFDA84}.Release|Any CPU.ActiveCfg = Release|Any CPU
		{6E2FF884-C246-4652-9428-1E7D4CAFDA84}.Release|Any CPU.Build.0 = Release|Any CPU
	EndGlobalSection
	GlobalSection(SolutionProperties) = preSolution
		HideSolutionNode = FALSE
	EndGlobalSection
	GlobalSection(ExtensibilityGlobals) = postSolution
		SolutionGuid = {0F1241BC-C484-45B3-86E2-84AA8E49A24B}
	EndGlobalSection
EndGlobal
